
Microsoft Visual Studio Solution File, Format Version 12.00
# Visual Studio 2012
Project("{FAE04EC0-301F-11D3-BF4B-00C04F79EFBC}") = "Talk Bot", "TalkBot\Talk Bot.csproj", "{3099E5FC-4B36-4721-BE05-B89E593F474A}"
EndProject
Global
	GlobalSection(SolutionConfigurationPlatforms) = preSolution
		Debug|Any CPU = Debug|Any CPU
		Release|Any CPU = Release|Any CPU
	EndGlobalSection
	GlobalSection(ProjectConfigurationPlatforms) = postSolution
		{3099E5FC-4B36-4721-BE05-B89E593F474A}.Debug|Any CPU.ActiveCfg = Debug|Any CPU
		{3099E5FC-4B36-4721-BE05-B89E593F474A}.Debug|Any CPU.Build.0 = Debug|Any CPU
		{3099E5FC-4B36-4721-BE05-B89E593F474A}.Release|Any CPU.ActiveCfg = Release|Any CPU
		{3099E5FC-4B36-4721-BE05-B89E593F474A}.Release|Any CPU.Build.0 = Release|Any CPU
	EndGlobalSection
	GlobalSection(MonoDevelopProperties) = preSolution
		StartupItem = TalkBot\Talk Bot.csproj
	EndGlobalSection
EndGlobal
